
Microsoft Visual Studio Solution File, Format Version 12.00
# Visual Studio Version 16
VisualStudioVersion = 16.0.30611.23
MinimumVisualStudioVersion = 10.0.40219.1
Project("{9A19103F-16F7-4668-BE54-9A1E7A4F7556}") = "BlazorGanttWasm", "BlazorGanttWasm\BlazorGanttWasm.csproj", "{7E83330C-39FB-4D96-A37C-26FB936E4509}"
EndProject
Project("{9A19103F-16F7-4668-BE54-9A1E7A4F7556}") = "Syncfusion.Blazor", "..\..\tooltip\ej2-blazor-source\Syncfusion.Blazor\Syncfusion.Blazor.csproj", "{20916A20-399A-4B6D-B6F5-149346AEC42D}"
EndProject
Global
	GlobalSection(SolutionConfigurationPlatforms) = preSolution
		Debug|Any CPU = Debug|Any CPU
		Release|Any CPU = Release|Any CPU
	EndGlobalSection
	GlobalSection(ProjectConfigurationPlatforms) = postSolution
		{7E83330C-39FB-4D96-A37C-26FB936E4509}.Debug|Any CPU.ActiveCfg = Debug|Any CPU
		{7E83330C-39FB-4D96-A37C-26FB936E4509}.Debug|Any CPU.Build.0 = Debug|Any CPU
		{7E83330C-39FB-4D96-A37C-26FB936E4509}.Release|Any CPU.ActiveCfg = Release|Any CPU
		{7E83330C-39FB-4D96-A37C-26FB936E4509}.Release|Any CPU.Build.0 = Release|Any CPU
		{20916A20-399A-4B6D-B6F5-149346AEC42D}.Debug|Any CPU.ActiveCfg = Debug|Any CPU
		{20916A20-399A-4B6D-B6F5-149346AEC42D}.Debug|Any CPU.Build.0 = Debug|Any CPU
		{20916A20-399A-4B6D-B6F5-149346AEC42D}.Release|Any CPU.ActiveCfg = Release|Any CPU
		{20916A20-399A-4B6D-B6F5-149346AEC42D}.Release|Any CPU.Build.0 = Release|Any CPU
	EndGlobalSection
	GlobalSection(SolutionProperties) = preSolution
		HideSolutionNode = FALSE
	EndGlobalSection
	GlobalSection(ExtensibilityGlobals) = postSolution
		SolutionGuid = {49959E58-787F-4E62-B749-B97A1F5B25D1}
	EndGlobalSection
EndGlobal
